
Microsoft Visual Studio Solution File, Format Version 12.00
# Visual Studio Version 17
VisualStudioVersion = 17.7.34024.191
MinimumVisualStudioVersion = 10.0.40219.1
Project("{FAE04EC0-301F-11D3-BF4B-00C04F79EFBC}") = "Laba9_PRPP", "Laba9_PRPP\Laba9_PRPP.csproj", "{5D5397FA-2F31-4D1B-A42D-D521B368A70F}"
EndProject
Global
	GlobalSection(SolutionConfigurationPlatforms) = preSolution
		Debug|Any CPU = Debug|Any CPU
		Release|Any CPU = Release|Any CPU
	EndGlobalSection
	GlobalSection(ProjectConfigurationPlatforms) = postSolution
		{5D5397FA-2F31-4D1B-A42D-D521B368A70F}.Debug|Any CPU.ActiveCfg = Debug|Any CPU
		{5D5397FA-2F31-4D1B-A42D-D521B368A70F}.Debug|Any CPU.Build.0 = Debug|Any CPU
		{5D5397FA-2F31-4D1B-A42D-D521B368A70F}.Release|Any CPU.ActiveCfg = Release|Any CPU
		{5D5397FA-2F31-4D1B-A42D-D521B368A70F}.Release|Any CPU.Build.0 = Release|Any CPU
	EndGlobalSection
	GlobalSection(SolutionProperties) = preSolution
		HideSolutionNode = FALSE
	EndGlobalSection
	GlobalSection(ExtensibilityGlobals) = postSolution
		SolutionGuid = {7005940D-8D74-46E8-9872-A0CE44F80999}
	EndGlobalSection
EndGlobal
